
Microsoft Visual Studio Solution File, Format Version 12.00
# Visual Studio Version 17
VisualStudioVersion = 17.3.32922.545
MinimumVisualStudioVersion = 10.0.40219.1
Project("{FAE04EC0-301F-11D3-BF4B-00C04F79EFBC}") = "MSCAcademy.Week6.BaSiLiBree.UI", "MSCAcademy.Week6.BaSiLiBree.UI\MSCAcademy.Week6.BaSiLiBree.UI.csproj", "{DE05E9CC-B3F2-4D08-B309-1FD067E5BE4B}"
EndProject
Project("{FAE04EC0-301F-11D3-BF4B-00C04F79EFBC}") = "MSCAcademy.Week6.BaSiLibree.Core", "MSCAcademy.Week6.BaSiLibree.Core\MSCAcademy.Week6.BaSiLibree.Core.csproj", "{6FEF8BA4-00CA-48B6-9E99-BCB22AD80F07}"
EndProject
Project("{FAE04EC0-301F-11D3-BF4B-00C04F79EFBC}") = "MSCAcademy.Week6.BaSiLibree.Core.DataAccess", "MSCAcademy.Week6.BaSiLibree.Core.DataAccess\MSCAcademy.Week6.BaSiLibree.Core.DataAccess.csproj", "{C4BD7818-F4C3-49D8-9B46-9DA810D29F69}"
EndProject
Global
	GlobalSection(SolutionConfigurationPlatforms) = preSolution
		Debug|Any CPU = Debug|Any CPU
		Release|Any CPU = Release|Any CPU
	EndGlobalSection
	GlobalSection(ProjectConfigurationPlatforms) = postSolution
		{DE05E9CC-B3F2-4D08-B309-1FD067E5BE4B}.Debug|Any CPU.ActiveCfg = Debug|Any CPU
		{DE05E9CC-B3F2-4D08-B309-1FD067E5BE4B}.Debug|Any CPU.Build.0 = Debug|Any CPU
		{DE05E9CC-B3F2-4D08-B309-1FD067E5BE4B}.Release|Any CPU.ActiveCfg = Release|Any CPU
		{DE05E9CC-B3F2-4D08-B309-1FD067E5BE4B}.Release|Any CPU.Build.0 = Release|Any CPU
		{6FEF8BA4-00CA-48B6-9E99-BCB22AD80F07}.Debug|Any CPU.ActiveCfg = Debug|Any CPU
		{6FEF8BA4-00CA-48B6-9E99-BCB22AD80F07}.Debug|Any CPU.Build.0 = Debug|Any CPU
		{6FEF8BA4-00CA-48B6-9E99-BCB22AD80F07}.Release|Any CPU.ActiveCfg = Release|Any CPU
		{6FEF8BA4-00CA-48B6-9E99-BCB22AD80F07}.Release|Any CPU.Build.0 = Release|Any CPU
		{C4BD7818-F4C3-49D8-9B46-9DA810D29F69}.Debug|Any CPU.ActiveCfg = Debug|Any CPU
		{C4BD7818-F4C3-49D8-9B46-9DA810D29F69}.Debug|Any CPU.Build.0 = Debug|Any CPU
		{C4BD7818-F4C3-49D8-9B46-9DA810D29F69}.Release|Any CPU.ActiveCfg = Release|Any CPU
		{C4BD7818-F4C3-49D8-9B46-9DA810D29F69}.Release|Any CPU.Build.0 = Release|Any CPU
	EndGlobalSection
	GlobalSection(SolutionProperties) = preSolution
		HideSolutionNode = FALSE
	EndGlobalSection
	GlobalSection(ExtensibilityGlobals) = postSolution
		SolutionGuid = {995C7242-0052-4047-8669-22D6F5D828B4}
	EndGlobalSection
EndGlobal
